
Microsoft Visual Studio Solution File, Format Version 12.00
# Visual Studio Version 16
VisualStudioVersion = 16.0.33927.289
MinimumVisualStudioVersion = 10.0.40219.1
Project("{FAE04EC0-301F-11D3-BF4B-00C04F79EFBC}") = "ShowMMR", "ShowMMR.csproj", "{CC282E5D-63DC-434C-B60E-67BCB1F80A64}"
EndProject
Global
	GlobalSection(SolutionConfigurationPlatforms) = preSolution
		Release|Any CPU = Release|Any CPU
	EndGlobalSection
	GlobalSection(ProjectConfigurationPlatforms) = postSolution
		{CC282E5D-63DC-434C-B60E-67BCB1F80A64}.Release|Any CPU.ActiveCfg = Release|Any CPU
		{CC282E5D-63DC-434C-B60E-67BCB1F80A64}.Release|Any CPU.Build.0 = Release|Any CPU
	EndGlobalSection
	GlobalSection(SolutionProperties) = preSolution
		HideSolutionNode = FALSE
	EndGlobalSection
	GlobalSection(ExtensibilityGlobals) = postSolution
		SolutionGuid = {49B59414-C0C8-409F-AAA6-ECCD076EEE07}
	EndGlobalSection
EndGlobal
